
Microsoft Visual Studio Solution File, Format Version 12.00
# Visual Studio Version 16
VisualStudioVersion = 16.0.31112.23
MinimumVisualStudioVersion = 10.0.40219.1
Project("{FAE04EC0-301F-11D3-BF4B-00C04F79EFBC}") = "CommandeRoutees", "CommandeRoutees.csproj", "{5A2AF345-92FC-477C-950E-99A06E62D1D0}"
EndProject
Global
	GlobalSection(SolutionConfigurationPlatforms) = preSolution
		Debug|Any CPU = Debug|Any CPU
		Release|Any CPU = Release|Any CPU
	EndGlobalSection
	GlobalSection(ProjectConfigurationPlatforms) = postSolution
		{5A2AF345-92FC-477C-950E-99A06E62D1D0}.Debug|Any CPU.ActiveCfg = Debug|Any CPU
		{5A2AF345-92FC-477C-950E-99A06E62D1D0}.Debug|Any CPU.Build.0 = Debug|Any CPU
		{5A2AF345-92FC-477C-950E-99A06E62D1D0}.Release|Any CPU.ActiveCfg = Release|Any CPU
		{5A2AF345-92FC-477C-950E-99A06E62D1D0}.Release|Any CPU.Build.0 = Release|Any CPU
	EndGlobalSection
	GlobalSection(SolutionProperties) = preSolution
		HideSolutionNode = FALSE
	EndGlobalSection
	GlobalSection(ExtensibilityGlobals) = postSolution
		SolutionGuid = {5DD9502F-F497-48E9-BA2F-76224E90E6F9}
	EndGlobalSection
EndGlobal
